
Microsoft Visual Studio Solution File, Format Version 12.00
Project("{FAE04EC0-301F-11D3-BF4B-00C04F79EFBC}") = "Environment.Setup", "Environment.Setup\Environment.Setup.csproj", "{D98F8F7F-2DFD-4E7F-A956-BDCC8C10DE6B}"
EndProject
Project("{FAE04EC0-301F-11D3-BF4B-00C04F79EFBC}") = "Environment.UnitTests", "Environment.UnitTests\Environment.UnitTests.csproj", "{9EE7C670-FA79-47F3-807D-9C209BE945C7}"
EndProject
Global
	GlobalSection(SolutionConfigurationPlatforms) = preSolution
		Debug|Any CPU = Debug|Any CPU
		Release|Any CPU = Release|Any CPU
	EndGlobalSection
	GlobalSection(ProjectConfigurationPlatforms) = postSolution
		{D98F8F7F-2DFD-4E7F-A956-BDCC8C10DE6B}.Debug|Any CPU.ActiveCfg = Debug|Any CPU
		{D98F8F7F-2DFD-4E7F-A956-BDCC8C10DE6B}.Debug|Any CPU.Build.0 = Debug|Any CPU
		{D98F8F7F-2DFD-4E7F-A956-BDCC8C10DE6B}.Release|Any CPU.ActiveCfg = Release|Any CPU
		{D98F8F7F-2DFD-4E7F-A956-BDCC8C10DE6B}.Release|Any CPU.Build.0 = Release|Any CPU
		{9EE7C670-FA79-47F3-807D-9C209BE945C7}.Debug|Any CPU.ActiveCfg = Debug|Any CPU
		{9EE7C670-FA79-47F3-807D-9C209BE945C7}.Debug|Any CPU.Build.0 = Debug|Any CPU
		{9EE7C670-FA79-47F3-807D-9C209BE945C7}.Release|Any CPU.ActiveCfg = Release|Any CPU
		{9EE7C670-FA79-47F3-807D-9C209BE945C7}.Release|Any CPU.Build.0 = Release|Any CPU
	EndGlobalSection
EndGlobal
